
Microsoft Visual Studio Solution File, Format Version 12.00
# Visual Studio Version 17
VisualStudioVersion = 17.0.31903.59
MinimumVisualStudioVersion = 10.0.40219.1
Project("{FAE04EC0-301F-11D3-BF4B-00C04F79EFBC}") = "Domain", "Domain\Domain.csproj", "{74691B6F-C7D9-470A-BEFB-2763765D7E20}"
EndProject
Project("{FAE04EC0-301F-11D3-BF4B-00C04F79EFBC}") = "Infrastructure", "Infrastructure\Infrastructure.csproj", "{1B16B6B5-6507-4664-9333-B720E7F12DF5}"
EndProject
Project("{FAE04EC0-301F-11D3-BF4B-00C04F79EFBC}") = "WebApi", "WebApi\WebApi.csproj", "{B983C889-83D4-47D4-8274-C83969572FB1}"
EndProject
Global
	GlobalSection(SolutionConfigurationPlatforms) = preSolution
		Debug|Any CPU = Debug|Any CPU
		Release|Any CPU = Release|Any CPU
	EndGlobalSection
	GlobalSection(SolutionProperties) = preSolution
		HideSolutionNode = FALSE
	EndGlobalSection
	GlobalSection(ProjectConfigurationPlatforms) = postSolution
		{74691B6F-C7D9-470A-BEFB-2763765D7E20}.Debug|Any CPU.ActiveCfg = Debug|Any CPU
		{74691B6F-C7D9-470A-BEFB-2763765D7E20}.Debug|Any CPU.Build.0 = Debug|Any CPU
		{74691B6F-C7D9-470A-BEFB-2763765D7E20}.Release|Any CPU.ActiveCfg = Release|Any CPU
		{74691B6F-C7D9-470A-BEFB-2763765D7E20}.Release|Any CPU.Build.0 = Release|Any CPU
		{1B16B6B5-6507-4664-9333-B720E7F12DF5}.Debug|Any CPU.ActiveCfg = Debug|Any CPU
		{1B16B6B5-6507-4664-9333-B720E7F12DF5}.Debug|Any CPU.Build.0 = Debug|Any CPU
		{1B16B6B5-6507-4664-9333-B720E7F12DF5}.Release|Any CPU.ActiveCfg = Release|Any CPU
		{1B16B6B5-6507-4664-9333-B720E7F12DF5}.Release|Any CPU.Build.0 = Release|Any CPU
		{B983C889-83D4-47D4-8274-C83969572FB1}.Debug|Any CPU.ActiveCfg = Debug|Any CPU
		{B983C889-83D4-47D4-8274-C83969572FB1}.Debug|Any CPU.Build.0 = Debug|Any CPU
		{B983C889-83D4-47D4-8274-C83969572FB1}.Release|Any CPU.ActiveCfg = Release|Any CPU
		{B983C889-83D4-47D4-8274-C83969572FB1}.Release|Any CPU.Build.0 = Release|Any CPU
	EndGlobalSection
EndGlobal
